PODS:
  - MBProgressHUD (1.0.0)
  - SBJson (4.0.2)
  - SBJson4 (4.0.2)

DEPENDENCIES:
  - MBProgressHUD (~> 1.0)
  - SBJson (~> 4.0.1)
  - SBJson4 (~> 4.0.1)

SPEC CHECKSUMS:
  MBProgressHUD: 4890f671c94e8a0f3cf959aa731e9de2f036d71a
  SBJson: c18691cc18375b14664ff0fec841f8c4faef1934
  SBJson4: b64afe0d4607e9e339b6d7538b04611e756f71db

PODFILE CHECKSUM: 950b38105d1ba3551f43a996712906fdb1967bfa

COCOAPODS: 1.0.1
